
Microsoft Visual Studio Solution File, Format Version 12.00
# Visual Studio Version 16
VisualStudioVersion = 16.0.31515.178
MinimumVisualStudioVersion = 10.0.40219.1
Project("{8BC9CEB8-8B4A-11D0-8D11-00A0C91BC942}") = "2021_9_26", "2021_9_26\2021_9_26.vcxproj", "{862DA643-D63C-494E-B8D4-0C19EC0177CE}"
EndProject
Global
	GlobalSection(SolutionConfigurationPlatforms) = preSolution
		Debug|x64 = Debug|x64
		Debug|x86 = Debug|x86
		Release|x64 = Release|x64
		Release|x86 = Release|x86
	EndGlobalSection
	GlobalSection(ProjectConfigurationPlatforms) = postSolution
		{862DA643-D63C-494E-B8D4-0C19EC0177CE}.Debug|x64.ActiveCfg = Debug|x64
		{862DA643-D63C-494E-B8D4-0C19EC0177CE}.Debug|x64.Build.0 = Debug|x64
		{862DA643-D63C-494E-B8D4-0C19EC0177CE}.Debug|x86.ActiveCfg = Debug|Win32
		{862DA643-D63C-494E-B8D4-0C19EC0177CE}.Debug|x86.Build.0 = Debug|Win32
		{862DA643-D63C-494E-B8D4-0C19EC0177CE}.Release|x64.ActiveCfg = Release|x64
		{862DA643-D63C-494E-B8D4-0C19EC0177CE}.Release|x64.Build.0 = Release|x64
		{862DA643-D63C-494E-B8D4-0C19EC0177CE}.Release|x86.ActiveCfg = Release|Win32
		{862DA643-D63C-494E-B8D4-0C19EC0177CE}.Release|x86.Build.0 = Release|Win32
	EndGlobalSection
	GlobalSection(SolutionProperties) = preSolution
		HideSolutionNode = FALSE
	EndGlobalSection
	GlobalSection(ExtensibilityGlobals) = postSolution
		SolutionGuid = {CF44ED58-4347-4759-846F-BFD2FF636D2C}
	EndGlobalSection
EndGlobal
