
Microsoft Visual Studio Solution File, Format Version 12.00
# Visual Studio Version 16
VisualStudioVersion = 16.0.31515.178
MinimumVisualStudioVersion = 10.0.40219.1
Project("{8BC9CEB8-8B4A-11D0-8D11-00A0C91BC942}") = "2021_7_28_game2", "2021_7_28_game2\2021_7_28_game2.vcxproj", "{84246D2B-C6AA-41B6-BB26-A655D712DA55}"
EndProject
Global
	GlobalSection(SolutionConfigurationPlatforms) = preSolution
		Debug|x64 = Debug|x64
		Debug|x86 = Debug|x86
		Release|x64 = Release|x64
		Release|x86 = Release|x86
	EndGlobalSection
	GlobalSection(ProjectConfigurationPlatforms) = postSolution
		{84246D2B-C6AA-41B6-BB26-A655D712DA55}.Debug|x64.ActiveCfg = Debug|x64
		{84246D2B-C6AA-41B6-BB26-A655D712DA55}.Debug|x64.Build.0 = Debug|x64
		{84246D2B-C6AA-41B6-BB26-A655D712DA55}.Debug|x86.ActiveCfg = Debug|Win32
		{84246D2B-C6AA-41B6-BB26-A655D712DA55}.Debug|x86.Build.0 = Debug|Win32
		{84246D2B-C6AA-41B6-BB26-A655D712DA55}.Release|x64.ActiveCfg = Release|x64
		{84246D2B-C6AA-41B6-BB26-A655D712DA55}.Release|x64.Build.0 = Release|x64
		{84246D2B-C6AA-41B6-BB26-A655D712DA55}.Release|x86.ActiveCfg = Release|Win32
		{84246D2B-C6AA-41B6-BB26-A655D712DA55}.Release|x86.Build.0 = Release|Win32
	EndGlobalSection
	GlobalSection(SolutionProperties) = preSolution
		HideSolutionNode = FALSE
	EndGlobalSection
	GlobalSection(ExtensibilityGlobals) = postSolution
		SolutionGuid = {8750456F-A3D2-4B8E-9858-E2BE9122CA43}
	EndGlobalSection
EndGlobal
