
Microsoft Visual Studio Solution File, Format Version 12.00
# Visual Studio Version 16
VisualStudioVersion = 16.0.31515.178
MinimumVisualStudioVersion = 10.0.40219.1
Project("{8BC9CEB8-8B4A-11D0-8D11-00A0C91BC942}") = "2021_9_24", "2021_9_24\2021_9_24.vcxproj", "{9B18B384-7F6C-46FD-89DE-A29ED3F92AEF}"
EndProject
Global
	GlobalSection(SolutionConfigurationPlatforms) = preSolution
		Debug|x64 = Debug|x64
		Debug|x86 = Debug|x86
		Release|x64 = Release|x64
		Release|x86 = Release|x86
	EndGlobalSection
	GlobalSection(ProjectConfigurationPlatforms) = postSolution
		{9B18B384-7F6C-46FD-89DE-A29ED3F92AEF}.Debug|x64.ActiveCfg = Debug|x64
		{9B18B384-7F6C-46FD-89DE-A29ED3F92AEF}.Debug|x64.Build.0 = Debug|x64
		{9B18B384-7F6C-46FD-89DE-A29ED3F92AEF}.Debug|x86.ActiveCfg = Debug|Win32
		{9B18B384-7F6C-46FD-89DE-A29ED3F92AEF}.Debug|x86.Build.0 = Debug|Win32
		{9B18B384-7F6C-46FD-89DE-A29ED3F92AEF}.Release|x64.ActiveCfg = Release|x64
		{9B18B384-7F6C-46FD-89DE-A29ED3F92AEF}.Release|x64.Build.0 = Release|x64
		{9B18B384-7F6C-46FD-89DE-A29ED3F92AEF}.Release|x86.ActiveCfg = Release|Win32
		{9B18B384-7F6C-46FD-89DE-A29ED3F92AEF}.Release|x86.Build.0 = Release|Win32
	EndGlobalSection
	GlobalSection(SolutionProperties) = preSolution
		HideSolutionNode = FALSE
	EndGlobalSection
	GlobalSection(ExtensibilityGlobals) = postSolution
		SolutionGuid = {BA1B9A6E-CEEF-4997-BEF6-9A07B48D711B}
	EndGlobalSection
EndGlobal
