
Microsoft Visual Studio Solution File, Format Version 12.00
# Visual Studio Version 16
VisualStudioVersion = 16.0.31515.178
MinimumVisualStudioVersion = 10.0.40219.1
Project("{8BC9CEB8-8B4A-11D0-8D11-00A0C91BC942}") = "2021_8_6", "2021_8_6\2021_8_6.vcxproj", "{666C6B71-CE96-4562-9305-31A8F288BCB2}"
EndProject
Global
	GlobalSection(SolutionConfigurationPlatforms) = preSolution
		Debug|x64 = Debug|x64
		Debug|x86 = Debug|x86
		Release|x64 = Release|x64
		Release|x86 = Release|x86
	EndGlobalSection
	GlobalSection(ProjectConfigurationPlatforms) = postSolution
		{666C6B71-CE96-4562-9305-31A8F288BCB2}.Debug|x64.ActiveCfg = Debug|x64
		{666C6B71-CE96-4562-9305-31A8F288BCB2}.Debug|x64.Build.0 = Debug|x64
		{666C6B71-CE96-4562-9305-31A8F288BCB2}.Debug|x86.ActiveCfg = Debug|Win32
		{666C6B71-CE96-4562-9305-31A8F288BCB2}.Debug|x86.Build.0 = Debug|Win32
		{666C6B71-CE96-4562-9305-31A8F288BCB2}.Release|x64.ActiveCfg = Release|x64
		{666C6B71-CE96-4562-9305-31A8F288BCB2}.Release|x64.Build.0 = Release|x64
		{666C6B71-CE96-4562-9305-31A8F288BCB2}.Release|x86.ActiveCfg = Release|Win32
		{666C6B71-CE96-4562-9305-31A8F288BCB2}.Release|x86.Build.0 = Release|Win32
	EndGlobalSection
	GlobalSection(SolutionProperties) = preSolution
		HideSolutionNode = FALSE
	EndGlobalSection
	GlobalSection(ExtensibilityGlobals) = postSolution
		SolutionGuid = {EFE460A9-28BC-4CED-8ADD-C55F06AEA4DA}
	EndGlobalSection
EndGlobal
